
Microsoft Visual Studio Solution File, Format Version 12.00
# Visual Studio 2012
Project("{FAE04EC0-301F-11D3-BF4B-00C04F79EFBC}") = "sol", "sol\sol.csproj", "{FDCBD912-8AF1-4B87-87B3-B8E22975DC6F}"
EndProject
Global
	GlobalSection(SolutionConfigurationPlatforms) = preSolution
		Debug|Any CPU = Debug|Any CPU
		Release|Any CPU = Release|Any CPU
	EndGlobalSection
	GlobalSection(ProjectConfigurationPlatforms) = postSolution
		{FDCBD912-8AF1-4B87-87B3-B8E22975DC6F}.Debug|Any CPU.ActiveCfg = Debug|Any CPU
		{FDCBD912-8AF1-4B87-87B3-B8E22975DC6F}.Debug|Any CPU.Build.0 = Debug|Any CPU
		{FDCBD912-8AF1-4B87-87B3-B8E22975DC6F}.Release|Any CPU.ActiveCfg = Release|Any CPU
		{FDCBD912-8AF1-4B87-87B3-B8E22975DC6F}.Release|Any CPU.Build.0 = Release|Any CPU
	EndGlobalSection
	GlobalSection(SolutionProperties) = preSolution
		HideSolutionNode = FALSE
	EndGlobalSection
EndGlobal
